# This file is autogenerated, do not edit; changes may be undone by the next 'dep ensure'.


[[projects]]
  branch = "master"
  digest = "1:976d34e20ab5c0c88f126e1c10403b411fff2aaa672bf2d8e61ee44aad21458e"
  name = "github.com/rylans/getlang"
  packages = ["."]
  pruneopts = "UT"
  revision = "9e7f44ff8aa04f37ca1a29ac92f0c414fbbc3e93"

[[projects]]
  digest = "1:1bb0ccd6591cacf840947db759f1f5cee650bd3d21f407146e8cc90a32c7dffd"
  name = "golang.org/x/text"
  packages = [
    "internal/format",
    "internal/gen",
    "internal/language",
    "internal/language/compact",
    "internal/tag",
    "language",
    "language/display",
    "unicode/cldr",
  ]
  pruneopts = "UT"
  revision = "383b2e75a7a4198c42f8f87833eefb772868a56f"
  version = "v0.3.7"

[solve-meta]
  analyzer-name = "dep"
  analyzer-version = 1
  input-imports = ["github.com/rylans/getlang"]
  solver-name = "gps-cdcl"
  solver-version = 1
